
Microsoft Visual Studio Solution File, Format Version 12.00
# Visual Studio Version 16
VisualStudioVersion = 16.0.32228.343
MinimumVisualStudioVersion = 10.0.40219.1
Project("{FAE04EC0-301F-11D3-BF4B-00C04F79EFBC}") = "Projet Stage", "Projet Stage\Projet Stage.csproj", "{840E8227-EAD2-4396-838A-B0CA18F05514}"
EndProject
Project("{54435603-DBB4-11D2-8724-00A0C9A8B90C}") = "Atlanta Sanad Setup", "Atlanta Sanad Setup\Atlanta Sanad Setup.vdproj", "{6043B178-0066-4F87-8D67-F67EFBA2D3B6}"
EndProject
Global
	GlobalSection(SolutionConfigurationPlatforms) = preSolution
		Debug|Any CPU = Debug|Any CPU
		Release|Any CPU = Release|Any CPU
	EndGlobalSection
	GlobalSection(ProjectConfigurationPlatforms) = postSolution
		{840E8227-EAD2-4396-838A-B0CA18F05514}.Debug|Any CPU.ActiveCfg = Debug|Any CPU
		{840E8227-EAD2-4396-838A-B0CA18F05514}.Debug|Any CPU.Build.0 = Debug|Any CPU
		{840E8227-EAD2-4396-838A-B0CA18F05514}.Release|Any CPU.ActiveCfg = Release|Any CPU
		{840E8227-EAD2-4396-838A-B0CA18F05514}.Release|Any CPU.Build.0 = Release|Any CPU
		{6043B178-0066-4F87-8D67-F67EFBA2D3B6}.Debug|Any CPU.ActiveCfg = Debug
		{6043B178-0066-4F87-8D67-F67EFBA2D3B6}.Release|Any CPU.ActiveCfg = Release
	EndGlobalSection
	GlobalSection(SolutionProperties) = preSolution
		HideSolutionNode = FALSE
	EndGlobalSection
	GlobalSection(ExtensibilityGlobals) = postSolution
		SolutionGuid = {226F52C9-0B31-45D7-817E-34E5274C3541}
	EndGlobalSection
EndGlobal
